
Microsoft Visual Studio Solution File, Format Version 12.00
# Visual Studio Version 17
VisualStudioVersion = 17.9.34616.47
MinimumVisualStudioVersion = 10.0.40219.1
Project("{8BC9CEB8-8B4A-11D0-8D11-00A0C91BC942}") = "ex1", "ex1\ex1.vcxproj", "{9E38EEE4-B147-45A4-AE97-93E1AFE84AC0}"
EndProject
Project("{8BC9CEB8-8B4A-11D0-8D11-00A0C91BC942}") = "ex2_fileio", "ex2_fileio\ex2_fileio.vcxproj", "{2278AF89-2561-48AE-AD92-92DEBF48507A}"
EndProject
Project("{8BC9CEB8-8B4A-11D0-8D11-00A0C91BC942}") = "ex3_pointers", "ex3_pointers\ex3_pointers.vcxproj", "{1BAC86CC-29BD-4C4B-9D4F-0B8C9542659B}"
EndProject
Project("{8BC9CEB8-8B4A-11D0-8D11-00A0C91BC942}") = "ex4_classes", "ex4_classes\ex4_classes.vcxproj", "{6FF2FF46-47AF-4D20-85CD-CD5EADD1C5C9}"
EndProject
Project("{8BC9CEB8-8B4A-11D0-8D11-00A0C91BC942}") = "ex5_classes_b", "ex5_classes_b\ex5_classes_b.vcxproj", "{4AD37886-1EE3-4260-A9A6-2E53C2951D02}"
EndProject
Project("{8BC9CEB8-8B4A-11D0-8D11-00A0C91BC942}") = "ex6_cl_arg", "ex6_cl_arg\ex6_cl_arg.vcxproj", "{46FE3EA8-8A7F-4B80-B5ED-1EE29C3CDA21}"
EndProject
Project("{8BC9CEB8-8B4A-11D0-8D11-00A0C91BC942}") = "ex7_ref", "ex7_ref\ex7_ref.vcxproj", "{2DCF1AA1-B6D0-4B84-BD94-FEF5F39315AC}"
EndProject
Project("{8BC9CEB8-8B4A-11D0-8D11-00A0C91BC942}") = "Ex8_overloading", "Ex8_overloading\Ex8_overloading.vcxproj", "{9206D9B2-9867-4F58-9CA9-5D2651671BAE}"
EndProject
Project("{8BC9CEB8-8B4A-11D0-8D11-00A0C91BC942}") = "Ex9_constructors", "Ex9_constructors\Ex9_constructors.vcxproj", "{95950922-B33A-4E7E-B29C-B21B7BCE70A2}"
EndProject
Project("{8BC9CEB8-8B4A-11D0-8D11-00A0C91BC942}") = "Ex10_members_init_list", "Ex10_members_init_list\Ex10_members_init_list.vcxproj", "{F7F655EA-E5EA-43B4-A071-E0F31DCC8B64}"
EndProject
Project("{8BC9CEB8-8B4A-11D0-8D11-00A0C91BC942}") = "Ex11_inheritance", "Ex11_inheritance\Ex11_inheritance.vcxproj", "{01AAAD1B-1ADA-4441-A682-FB08AC4FA3EB}"
EndProject
Project("{8BC9CEB8-8B4A-11D0-8D11-00A0C91BC942}") = "Ex12_polymorphism", "Ex12_polymorphism\Ex12_polymorphism.vcxproj", "{330B7D46-75C2-4BDC-A7D7-856EB47E8235}"
EndProject
Project("{8BC9CEB8-8B4A-11D0-8D11-00A0C91BC942}") = "Ex13_vectors", "Ex13_vectors\Ex13_vectors.vcxproj", "{F88DBC6A-F16F-4644-B6DC-FD4DF198F6E4}"
EndProject
Project("{8BC9CEB8-8B4A-11D0-8D11-00A0C91BC942}") = "Ex14_stack", "Ex14_stack\Ex14_stack.vcxproj", "{1B39A286-82E1-4673-95E2-303C5241FB49}"
EndProject
Project("{8BC9CEB8-8B4A-11D0-8D11-00A0C91BC942}") = "Ex15_queues", "Ex15_queues\Ex15_queues.vcxproj", "{63CDD5CC-7D5D-44C1-8E39-34CA6E809610}"
EndProject
Project("{8BC9CEB8-8B4A-11D0-8D11-00A0C91BC942}") = "Ex16_sets", "Ex16_sets\Ex16_sets.vcxproj", "{0D1A7712-CA78-49BC-AE6D-A19FD6A682EA}"
EndProject
Project("{8BC9CEB8-8B4A-11D0-8D11-00A0C91BC942}") = "Ex_17_sets_2", "Ex_17_sets_2\Ex_17_sets_2.vcxproj", "{E2080DC6-B8E7-442F-B397-ECAB2A00C26E}"
EndProject
Project("{8BC9CEB8-8B4A-11D0-8D11-00A0C91BC942}") = "Ex18_templates", "Ex18_templates\Ex18_templates.vcxproj", "{37B9CE70-CC5F-4CC9-9379-85710348B3C5}"
EndProject
Project("{8BC9CEB8-8B4A-11D0-8D11-00A0C91BC942}") = "Ex19_template_class", "Ex19_template_class\Ex19_template_class.vcxproj", "{ADCA0E3B-D08D-48DC-A50F-3B5501CAD679}"
EndProject
Project("{8BC9CEB8-8B4A-11D0-8D11-00A0C91BC942}") = "Ex20_smart_pointers", "Ex20_smart_pointers\Ex20_smart_pointers.vcxproj", "{50BFF185-EA88-4D9A-8AC4-A868F6332E40}"
EndProject
Project("{8BC9CEB8-8B4A-11D0-8D11-00A0C91BC942}") = "Ex21_hash_map", "Ex21_hash_map\Ex21_hash_map.vcxproj", "{C14E49AA-A616-4538-8492-954073AF759E}"
EndProject
Project("{8BC9CEB8-8B4A-11D0-8D11-00A0C91BC942}") = "Ex22_threads", "Ex22_threads\Ex22_threads.vcxproj", "{E4BA58AC-9D85-4B98-9A27-1CC96C832601}"
EndProject
Global
	GlobalSection(SolutionConfigurationPlatforms) = preSolution
		Debug|x64 = Debug|x64
		Debug|x86 = Debug|x86
		Release|x64 = Release|x64
		Release|x86 = Release|x86
	EndGlobalSection
	GlobalSection(ProjectConfigurationPlatforms) = postSolution
		{9E38EEE4-B147-45A4-AE97-93E1AFE84AC0}.Debug|x64.ActiveCfg = Debug|x64
		{9E38EEE4-B147-45A4-AE97-93E1AFE84AC0}.Debug|x64.Build.0 = Debug|x64
		{9E38EEE4-B147-45A4-AE97-93E1AFE84AC0}.Debug|x86.ActiveCfg = Debug|Win32
		{9E38EEE4-B147-45A4-AE97-93E1AFE84AC0}.Debug|x86.Build.0 = Debug|Win32
		{9E38EEE4-B147-45A4-AE97-93E1AFE84AC0}.Release|x64.ActiveCfg = Release|x64
		{9E38EEE4-B147-45A4-AE97-93E1AFE84AC0}.Release|x64.Build.0 = Release|x64
		{9E38EEE4-B147-45A4-AE97-93E1AFE84AC0}.Release|x86.ActiveCfg = Release|Win32
		{9E38EEE4-B147-45A4-AE97-93E1AFE84AC0}.Release|x86.Build.0 = Release|Win32
		{2278AF89-2561-48AE-AD92-92DEBF48507A}.Debug|x64.ActiveCfg = Debug|x64
		{2278AF89-2561-48AE-AD92-92DEBF48507A}.Debug|x64.Build.0 = Debug|x64
		{2278AF89-2561-48AE-AD92-92DEBF48507A}.Debug|x86.ActiveCfg = Debug|Win32
		{2278AF89-2561-48AE-AD92-92DEBF48507A}.Debug|x86.Build.0 = Debug|Win32
		{2278AF89-2561-48AE-AD92-92DEBF48507A}.Release|x64.ActiveCfg = Release|x64
		{2278AF89-2561-48AE-AD92-92DEBF48507A}.Release|x64.Build.0 = Release|x64
		{2278AF89-2561-48AE-AD92-92DEBF48507A}.Release|x86.ActiveCfg = Release|Win32
		{2278AF89-2561-48AE-AD92-92DEBF48507A}.Release|x86.Build.0 = Release|Win32
		{1BAC86CC-29BD-4C4B-9D4F-0B8C9542659B}.Debug|x64.ActiveCfg = Debug|x64
		{1BAC86CC-29BD-4C4B-9D4F-0B8C9542659B}.Debug|x64.Build.0 = Debug|x64
		{1BAC86CC-29BD-4C4B-9D4F-0B8C9542659B}.Debug|x86.ActiveCfg = Debug|Win32
		{1BAC86CC-29BD-4C4B-9D4F-0B8C9542659B}.Debug|x86.Build.0 = Debug|Win32
		{1BAC86CC-29BD-4C4B-9D4F-0B8C9542659B}.Release|x64.ActiveCfg = Release|x64
		{1BAC86CC-29BD-4C4B-9D4F-0B8C9542659B}.Release|x64.Build.0 = Release|x64
		{1BAC86CC-29BD-4C4B-9D4F-0B8C9542659B}.Release|x86.ActiveCfg = Release|Win32
		{1BAC86CC-29BD-4C4B-9D4F-0B8C9542659B}.Release|x86.Build.0 = Release|Win32
		{6FF2FF46-47AF-4D20-85CD-CD5EADD1C5C9}.Debug|x64.ActiveCfg = Debug|x64
		{6FF2FF46-47AF-4D20-85CD-CD5EADD1C5C9}.Debug|x64.Build.0 = Debug|x64
		{6FF2FF46-47AF-4D20-85CD-CD5EADD1C5C9}.Debug|x86.ActiveCfg = Debug|Win32
		{6FF2FF46-47AF-4D20-85CD-CD5EADD1C5C9}.Debug|x86.Build.0 = Debug|Win32
		{6FF2FF46-47AF-4D20-85CD-CD5EADD1C5C9}.Release|x64.ActiveCfg = Release|x64
		{6FF2FF46-47AF-4D20-85CD-CD5EADD1C5C9}.Release|x64.Build.0 = Release|x64
		{6FF2FF46-47AF-4D20-85CD-CD5EADD1C5C9}.Release|x86.ActiveCfg = Release|Win32
		{6FF2FF46-47AF-4D20-85CD-CD5EADD1C5C9}.Release|x86.Build.0 = Release|Win32
		{4AD37886-1EE3-4260-A9A6-2E53C2951D02}.Debug|x64.ActiveCfg = Debug|x64
		{4AD37886-1EE3-4260-A9A6-2E53C2951D02}.Debug|x64.Build.0 = Debug|x64
		{4AD37886-1EE3-4260-A9A6-2E53C2951D02}.Debug|x86.ActiveCfg = Debug|Win32
		{4AD37886-1EE3-4260-A9A6-2E53C2951D02}.Debug|x86.Build.0 = Debug|Win32
		{4AD37886-1EE3-4260-A9A6-2E53C2951D02}.Release|x64.ActiveCfg = Release|x64
		{4AD37886-1EE3-4260-A9A6-2E53C2951D02}.Release|x64.Build.0 = Release|x64
		{4AD37886-1EE3-4260-A9A6-2E53C2951D02}.Release|x86.ActiveCfg = Release|Win32
		{4AD37886-1EE3-4260-A9A6-2E53C2951D02}.Release|x86.Build.0 = Release|Win32
		{46FE3EA8-8A7F-4B80-B5ED-1EE29C3CDA21}.Debug|x64.ActiveCfg = Debug|x64
		{46FE3EA8-8A7F-4B80-B5ED-1EE29C3CDA21}.Debug|x64.Build.0 = Debug|x64
		{46FE3EA8-8A7F-4B80-B5ED-1EE29C3CDA21}.Debug|x86.ActiveCfg = Debug|Win32
		{46FE3EA8-8A7F-4B80-B5ED-1EE29C3CDA21}.Debug|x86.Build.0 = Debug|Win32
		{46FE3EA8-8A7F-4B80-B5ED-1EE29C3CDA21}.Release|x64.ActiveCfg = Release|x64
		{46FE3EA8-8A7F-4B80-B5ED-1EE29C3CDA21}.Release|x64.Build.0 = Release|x64
		{46FE3EA8-8A7F-4B80-B5ED-1EE29C3CDA21}.Release|x86.ActiveCfg = Release|Win32
		{46FE3EA8-8A7F-4B80-B5ED-1EE29C3CDA21}.Release|x86.Build.0 = Release|Win32
		{2DCF1AA1-B6D0-4B84-BD94-FEF5F39315AC}.Debug|x64.ActiveCfg = Debug|x64
		{2DCF1AA1-B6D0-4B84-BD94-FEF5F39315AC}.Debug|x64.Build.0 = Debug|x64
		{2DCF1AA1-B6D0-4B84-BD94-FEF5F39315AC}.Debug|x86.ActiveCfg = Debug|Win32
		{2DCF1AA1-B6D0-4B84-BD94-FEF5F39315AC}.Debug|x86.Build.0 = Debug|Win32
		{2DCF1AA1-B6D0-4B84-BD94-FEF5F39315AC}.Release|x64.ActiveCfg = Release|x64
		{2DCF1AA1-B6D0-4B84-BD94-FEF5F39315AC}.Release|x64.Build.0 = Release|x64
		{2DCF1AA1-B6D0-4B84-BD94-FEF5F39315AC}.Release|x86.ActiveCfg = Release|Win32
		{2DCF1AA1-B6D0-4B84-BD94-FEF5F39315AC}.Release|x86.Build.0 = Release|Win32
		{9206D9B2-9867-4F58-9CA9-5D2651671BAE}.Debug|x64.ActiveCfg = Debug|x64
		{9206D9B2-9867-4F58-9CA9-5D2651671BAE}.Debug|x64.Build.0 = Debug|x64
		{9206D9B2-9867-4F58-9CA9-5D2651671BAE}.Debug|x86.ActiveCfg = Debug|Win32
		{9206D9B2-9867-4F58-9CA9-5D2651671BAE}.Debug|x86.Build.0 = Debug|Win32
		{9206D9B2-9867-4F58-9CA9-5D2651671BAE}.Release|x64.ActiveCfg = Release|x64
		{9206D9B2-9867-4F58-9CA9-5D2651671BAE}.Release|x64.Build.0 = Release|x64
		{9206D9B2-9867-4F58-9CA9-5D2651671BAE}.Release|x86.ActiveCfg = Release|Win32
		{9206D9B2-9867-4F58-9CA9-5D2651671BAE}.Release|x86.Build.0 = Release|Win32
		{95950922-B33A-4E7E-B29C-B21B7BCE70A2}.Debug|x64.ActiveCfg = Debug|x64
		{95950922-B33A-4E7E-B29C-B21B7BCE70A2}.Debug|x64.Build.0 = Debug|x64
		{95950922-B33A-4E7E-B29C-B21B7BCE70A2}.Debug|x86.ActiveCfg = Debug|Win32
		{95950922-B33A-4E7E-B29C-B21B7BCE70A2}.Debug|x86.Build.0 = Debug|Win32
		{95950922-B33A-4E7E-B29C-B21B7BCE70A2}.Release|x64.ActiveCfg = Release|x64
		{95950922-B33A-4E7E-B29C-B21B7BCE70A2}.Release|x64.Build.0 = Release|x64
		{95950922-B33A-4E7E-B29C-B21B7BCE70A2}.Release|x86.ActiveCfg = Release|Win32
		{95950922-B33A-4E7E-B29C-B21B7BCE70A2}.Release|x86.Build.0 = Release|Win32
		{F7F655EA-E5EA-43B4-A071-E0F31DCC8B64}.Debug|x64.ActiveCfg = Debug|x64
		{F7F655EA-E5EA-43B4-A071-E0F31DCC8B64}.Debug|x64.Build.0 = Debug|x64
		{F7F655EA-E5EA-43B4-A071-E0F31DCC8B64}.Debug|x86.ActiveCfg = Debug|Win32
		{F7F655EA-E5EA-43B4-A071-E0F31DCC8B64}.Debug|x86.Build.0 = Debug|Win32
		{F7F655EA-E5EA-43B4-A071-E0F31DCC8B64}.Release|x64.ActiveCfg = Release|x64
		{F7F655EA-E5EA-43B4-A071-E0F31DCC8B64}.Release|x64.Build.0 = Release|x64
		{F7F655EA-E5EA-43B4-A071-E0F31DCC8B64}.Release|x86.ActiveCfg = Release|Win32
		{F7F655EA-E5EA-43B4-A071-E0F31DCC8B64}.Release|x86.Build.0 = Release|Win32
		{01AAAD1B-1ADA-4441-A682-FB08AC4FA3EB}.Debug|x64.ActiveCfg = Debug|x64
		{01AAAD1B-1ADA-4441-A682-FB08AC4FA3EB}.Debug|x64.Build.0 = Debug|x64
		{01AAAD1B-1ADA-4441-A682-FB08AC4FA3EB}.Debug|x86.ActiveCfg = Debug|Win32
		{01AAAD1B-1ADA-4441-A682-FB08AC4FA3EB}.Debug|x86.Build.0 = Debug|Win32
		{01AAAD1B-1ADA-4441-A682-FB08AC4FA3EB}.Release|x64.ActiveCfg = Release|x64
		{01AAAD1B-1ADA-4441-A682-FB08AC4FA3EB}.Release|x64.Build.0 = Release|x64
		{01AAAD1B-1ADA-4441-A682-FB08AC4FA3EB}.Release|x86.ActiveCfg = Release|Win32
		{01AAAD1B-1ADA-4441-A682-FB08AC4FA3EB}.Release|x86.Build.0 = Release|Win32
		{330B7D46-75C2-4BDC-A7D7-856EB47E8235}.Debug|x64.ActiveCfg = Debug|x64
		{330B7D46-75C2-4BDC-A7D7-856EB47E8235}.Debug|x64.Build.0 = Debug|x64
		{330B7D46-75C2-4BDC-A7D7-856EB47E8235}.Debug|x86.ActiveCfg = Debug|Win32
		{330B7D46-75C2-4BDC-A7D7-856EB47E8235}.Debug|x86.Build.0 = Debug|Win32
		{330B7D46-75C2-4BDC-A7D7-856EB47E8235}.Release|x64.ActiveCfg = Release|x64
		{330B7D46-75C2-4BDC-A7D7-856EB47E8235}.Release|x64.Build.0 = Release|x64
		{330B7D46-75C2-4BDC-A7D7-856EB47E8235}.Release|x86.ActiveCfg = Release|Win32
		{330B7D46-75C2-4BDC-A7D7-856EB47E8235}.Release|x86.Build.0 = Release|Win32
		{F88DBC6A-F16F-4644-B6DC-FD4DF198F6E4}.Debug|x64.ActiveCfg = Debug|x64
		{F88DBC6A-F16F-4644-B6DC-FD4DF198F6E4}.Debug|x64.Build.0 = Debug|x64
		{F88DBC6A-F16F-4644-B6DC-FD4DF198F6E4}.Debug|x86.ActiveCfg = Debug|Win32
		{F88DBC6A-F16F-4644-B6DC-FD4DF198F6E4}.Debug|x86.Build.0 = Debug|Win32
		{F88DBC6A-F16F-4644-B6DC-FD4DF198F6E4}.Release|x64.ActiveCfg = Release|x64
		{F88DBC6A-F16F-4644-B6DC-FD4DF198F6E4}.Release|x64.Build.0 = Release|x64
		{F88DBC6A-F16F-4644-B6DC-FD4DF198F6E4}.Release|x86.ActiveCfg = Release|Win32
		{F88DBC6A-F16F-4644-B6DC-FD4DF198F6E4}.Release|x86.Build.0 = Release|Win32
		{1B39A286-82E1-4673-95E2-303C5241FB49}.Debug|x64.ActiveCfg = Debug|x64
		{1B39A286-82E1-4673-95E2-303C5241FB49}.Debug|x64.Build.0 = Debug|x64
		{1B39A286-82E1-4673-95E2-303C5241FB49}.Debug|x86.ActiveCfg = Debug|Win32
		{1B39A286-82E1-4673-95E2-303C5241FB49}.Debug|x86.Build.0 = Debug|Win32
		{1B39A286-82E1-4673-95E2-303C5241FB49}.Release|x64.ActiveCfg = Release|x64
		{1B39A286-82E1-4673-95E2-303C5241FB49}.Release|x64.Build.0 = Release|x64
		{1B39A286-82E1-4673-95E2-303C5241FB49}.Release|x86.ActiveCfg = Release|Win32
		{1B39A286-82E1-4673-95E2-303C5241FB49}.Release|x86.Build.0 = Release|Win32
		{63CDD5CC-7D5D-44C1-8E39-34CA6E809610}.Debug|x64.ActiveCfg = Debug|x64
		{63CDD5CC-7D5D-44C1-8E39-34CA6E809610}.Debug|x64.Build.0 = Debug|x64
		{63CDD5CC-7D5D-44C1-8E39-34CA6E809610}.Debug|x86.ActiveCfg = Debug|Win32
		{63CDD5CC-7D5D-44C1-8E39-34CA6E809610}.Debug|x86.Build.0 = Debug|Win32
		{63CDD5CC-7D5D-44C1-8E39-34CA6E809610}.Release|x64.ActiveCfg = Release|x64
		{63CDD5CC-7D5D-44C1-8E39-34CA6E809610}.Release|x64.Build.0 = Release|x64
		{63CDD5CC-7D5D-44C1-8E39-34CA6E809610}.Release|x86.ActiveCfg = Release|Win32
		{63CDD5CC-7D5D-44C1-8E39-34CA6E809610}.Release|x86.Build.0 = Release|Win32
		{0D1A7712-CA78-49BC-AE6D-A19FD6A682EA}.Debug|x64.ActiveCfg = Debug|x64
		{0D1A7712-CA78-49BC-AE6D-A19FD6A682EA}.Debug|x64.Build.0 = Debug|x64
		{0D1A7712-CA78-49BC-AE6D-A19FD6A682EA}.Debug|x86.ActiveCfg = Debug|Win32
		{0D1A7712-CA78-49BC-AE6D-A19FD6A682EA}.Debug|x86.Build.0 = Debug|Win32
		{0D1A7712-CA78-49BC-AE6D-A19FD6A682EA}.Release|x64.ActiveCfg = Release|x64
		{0D1A7712-CA78-49BC-AE6D-A19FD6A682EA}.Release|x64.Build.0 = Release|x64
		{0D1A7712-CA78-49BC-AE6D-A19FD6A682EA}.Release|x86.ActiveCfg = Release|Win32
		{0D1A7712-CA78-49BC-AE6D-A19FD6A682EA}.Release|x86.Build.0 = Release|Win32
		{E2080DC6-B8E7-442F-B397-ECAB2A00C26E}.Debug|x64.ActiveCfg = Debug|x64
		{E2080DC6-B8E7-442F-B397-ECAB2A00C26E}.Debug|x64.Build.0 = Debug|x64
		{E2080DC6-B8E7-442F-B397-ECAB2A00C26E}.Debug|x86.ActiveCfg = Debug|Win32
		{E2080DC6-B8E7-442F-B397-ECAB2A00C26E}.Debug|x86.Build.0 = Debug|Win32
		{E2080DC6-B8E7-442F-B397-ECAB2A00C26E}.Release|x64.ActiveCfg = Release|x64
		{E2080DC6-B8E7-442F-B397-ECAB2A00C26E}.Release|x64.Build.0 = Release|x64
		{E2080DC6-B8E7-442F-B397-ECAB2A00C26E}.Release|x86.ActiveCfg = Release|Win32
		{E2080DC6-B8E7-442F-B397-ECAB2A00C26E}.Release|x86.Build.0 = Release|Win32
		{37B9CE70-CC5F-4CC9-9379-85710348B3C5}.Debug|x64.ActiveCfg = Debug|x64
		{37B9CE70-CC5F-4CC9-9379-85710348B3C5}.Debug|x64.Build.0 = Debug|x64
		{37B9CE70-CC5F-4CC9-9379-85710348B3C5}.Debug|x86.ActiveCfg = Debug|Win32
		{37B9CE70-CC5F-4CC9-9379-85710348B3C5}.Debug|x86.Build.0 = Debug|Win32
		{37B9CE70-CC5F-4CC9-9379-85710348B3C5}.Release|x64.ActiveCfg = Release|x64
		{37B9CE70-CC5F-4CC9-9379-85710348B3C5}.Release|x64.Build.0 = Release|x64
		{37B9CE70-CC5F-4CC9-9379-85710348B3C5}.Release|x86.ActiveCfg = Release|Win32
		{37B9CE70-CC5F-4CC9-9379-85710348B3C5}.Release|x86.Build.0 = Release|Win32
		{ADCA0E3B-D08D-48DC-A50F-3B5501CAD679}.Debug|x64.ActiveCfg = Debug|x64
		{ADCA0E3B-D08D-48DC-A50F-3B5501CAD679}.Debug|x64.Build.0 = Debug|x64
		{ADCA0E3B-D08D-48DC-A50F-3B5501CAD679}.Debug|x86.ActiveCfg = Debug|Win32
		{ADCA0E3B-D08D-48DC-A50F-3B5501CAD679}.Debug|x86.Build.0 = Debug|Win32
		{ADCA0E3B-D08D-48DC-A50F-3B5501CAD679}.Release|x64.ActiveCfg = Release|x64
		{ADCA0E3B-D08D-48DC-A50F-3B5501CAD679}.Release|x64.Build.0 = Release|x64
		{ADCA0E3B-D08D-48DC-A50F-3B5501CAD679}.Release|x86.ActiveCfg = Release|Win32
		{ADCA0E3B-D08D-48DC-A50F-3B5501CAD679}.Release|x86.Build.0 = Release|Win32
		{50BFF185-EA88-4D9A-8AC4-A868F6332E40}.Debug|x64.ActiveCfg = Debug|x64
		{50BFF185-EA88-4D9A-8AC4-A868F6332E40}.Debug|x64.Build.0 = Debug|x64
		{50BFF185-EA88-4D9A-8AC4-A868F6332E40}.Debug|x86.ActiveCfg = Debug|Win32
		{50BFF185-EA88-4D9A-8AC4-A868F6332E40}.Debug|x86.Build.0 = Debug|Win32
		{50BFF185-EA88-4D9A-8AC4-A868F6332E40}.Release|x64.ActiveCfg = Release|x64
		{50BFF185-EA88-4D9A-8AC4-A868F6332E40}.Release|x64.Build.0 = Release|x64
		{50BFF185-EA88-4D9A-8AC4-A868F6332E40}.Release|x86.ActiveCfg = Release|Win32
		{50BFF185-EA88-4D9A-8AC4-A868F6332E40}.Release|x86.Build.0 = Release|Win32
		{C14E49AA-A616-4538-8492-954073AF759E}.Debug|x64.ActiveCfg = Debug|x64
		{C14E49AA-A616-4538-8492-954073AF759E}.Debug|x64.Build.0 = Debug|x64
		{C14E49AA-A616-4538-8492-954073AF759E}.Debug|x86.ActiveCfg = Debug|Win32
		{C14E49AA-A616-4538-8492-954073AF759E}.Debug|x86.Build.0 = Debug|Win32
		{C14E49AA-A616-4538-8492-954073AF759E}.Release|x64.ActiveCfg = Release|x64
		{C14E49AA-A616-4538-8492-954073AF759E}.Release|x64.Build.0 = Release|x64
		{C14E49AA-A616-4538-8492-954073AF759E}.Release|x86.ActiveCfg = Release|Win32
		{C14E49AA-A616-4538-8492-954073AF759E}.Release|x86.Build.0 = Release|Win32
		{E4BA58AC-9D85-4B98-9A27-1CC96C832601}.Debug|x64.ActiveCfg = Debug|x64
		{E4BA58AC-9D85-4B98-9A27-1CC96C832601}.Debug|x64.Build.0 = Debug|x64
		{E4BA58AC-9D85-4B98-9A27-1CC96C832601}.Debug|x86.ActiveCfg = Debug|Win32
		{E4BA58AC-9D85-4B98-9A27-1CC96C832601}.Debug|x86.Build.0 = Debug|Win32
		{E4BA58AC-9D85-4B98-9A27-1CC96C832601}.Release|x64.ActiveCfg = Release|x64
		{E4BA58AC-9D85-4B98-9A27-1CC96C832601}.Release|x64.Build.0 = Release|x64
		{E4BA58AC-9D85-4B98-9A27-1CC96C832601}.Release|x86.ActiveCfg = Release|Win32
		{E4BA58AC-9D85-4B98-9A27-1CC96C832601}.Release|x86.Build.0 = Release|Win32
	EndGlobalSection
	GlobalSection(SolutionProperties) = preSolution
		HideSolutionNode = FALSE
	EndGlobalSection
	GlobalSection(ExtensibilityGlobals) = postSolution
		SolutionGuid = {C65C755D-24DE-400A-821B-0B8DEF2AB192}
	EndGlobalSection
EndGlobal
